
Microsoft Visual Studio Solution File, Format Version 12.00
# Visual Studio 15
VisualStudioVersion = 15.0.27428.2011
MinimumVisualStudioVersion = 10.0.40219.1
Project("{FAE04EC0-301F-11D3-BF4B-00C04F79EFBC}") = "CashMachine", "CashMachine\CashMachine.csproj", "{F86DDD7D-A0BE-433E-BB1C-FD1B5BE09DE1}"
EndProject
Global
	GlobalSection(SolutionConfigurationPlatforms) = preSolution
		Debug|Any CPU = Debug|Any CPU
		Release|Any CPU = Release|Any CPU
	EndGlobalSection
	GlobalSection(ProjectConfigurationPlatforms) = postSolution
		{F86DDD7D-A0BE-433E-BB1C-FD1B5BE09DE1}.Debug|Any CPU.ActiveCfg = Debug|Any CPU
		{F86DDD7D-A0BE-433E-BB1C-FD1B5BE09DE1}.Debug|Any CPU.Build.0 = Debug|Any CPU
		{F86DDD7D-A0BE-433E-BB1C-FD1B5BE09DE1}.Release|Any CPU.ActiveCfg = Release|Any CPU
		{F86DDD7D-A0BE-433E-BB1C-FD1B5BE09DE1}.Release|Any CPU.Build.0 = Release|Any CPU
	EndGlobalSection
	GlobalSection(SolutionProperties) = preSolution
		HideSolutionNode = FALSE
	EndGlobalSection
	GlobalSection(ExtensibilityGlobals) = postSolution
		SolutionGuid = {9FB2AE63-99F0-475B-90F8-60AF32A4EE50}
	EndGlobalSection
EndGlobal
